
Microsoft Visual Studio Solution File, Format Version 12.00
# Visual Studio Version 17
VisualStudioVersion = 17.12.35527.113 d17.12
MinimumVisualStudioVersion = 10.0.40219.1
Project("{FAE04EC0-301F-11D3-BF4B-00C04F79EFBC}") = "8. Clase que represente un círculo", "8. Clase que represente un círculo\8. Clase que represente un círculo.csproj", "{61228EDD-0D92-4117-AFCB-D30D748221AF}"
EndProject
Global
	GlobalSection(SolutionConfigurationPlatforms) = preSolution
		Debug|Any CPU = Debug|Any CPU
		Release|Any CPU = Release|Any CPU
	EndGlobalSection
	GlobalSection(ProjectConfigurationPlatforms) = postSolution
		{61228EDD-0D92-4117-AFCB-D30D748221AF}.Debug|Any CPU.ActiveCfg = Debug|Any CPU
		{61228EDD-0D92-4117-AFCB-D30D748221AF}.Debug|Any CPU.Build.0 = Debug|Any CPU
		{61228EDD-0D92-4117-AFCB-D30D748221AF}.Release|Any CPU.ActiveCfg = Release|Any CPU
		{61228EDD-0D92-4117-AFCB-D30D748221AF}.Release|Any CPU.Build.0 = Release|Any CPU
	EndGlobalSection
	GlobalSection(SolutionProperties) = preSolution
		HideSolutionNode = FALSE
	EndGlobalSection
EndGlobal
